// !$*UTF8*$!
{
	archiveVersion = 1;
	classes = {
	};
	objectVersion = 50;
	objects = {

/* Begin PBXBuildFile section */
		311BF3A025C809580068DFA2 /* AppDelegate.swift in Sources */ = {isa = PBXBuildFile; fileRef = 311BF39F25C809580068DFA2 /* AppDelegate.swift */; };
		311BF3A225C809580068DFA2 /* SceneDelegate.swift in Sources */ = {isa = PBXBuildFile; fileRef = 311BF3A125C809580068DFA2 /* SceneDelegate.swift */; };
		311BF3A425C809580068DFA2 /* ViewController.swift in Sources */ = {isa = PBXBuildFile; fileRef = 311BF3A325C809580068DFA2 /* ViewController.swift */; };
		311BF3A725C809580068DFA2 /* Main.storyboard in Resources */ = {isa = PBXBuildFile; fileRef = 311BF3A525C809580068DFA2 /* Main.storyboard */; };
		311BF3A925C809580068DFA2 /* Assets.xcassets in Resources */ = {isa = PBXBuildFile; fileRef = 311BF3A825C809580068DFA2 /* Assets.xcassets */; };
		311BF3AC25C809580068DFA2 /* LaunchScreen.storyboard in Resources */ = {isa = PBXBuildFile; fileRef = 311BF3AA25C809580068DFA2 /* LaunchScreen.storyboard */; };
		311BF3B725C809580068DFA2 /* FlixTests.swift in Sources */ = {isa = PBXBuildFile; fileRef = 311BF3B625C809580068DFA2 /* FlixTests.swift */; };
		311BF3C225C809580068DFA2 /* FlixUITests.swift in Sources */ = {isa = PBXBuildFile; fileRef = 311BF3C125C809580068DFA2 /* FlixUITests.swift */; };
/* End PBXBuildFile section */

/* Begin PBXContainerItemProxy section */
		311BF3B325C809580068DFA2 /* PBXContainerItemProxy */ = {
			isa = PBXContainerItemProxy;
			containerPortal = 311BF39425C809570068DFA2 /* Project object */;
			proxyType = 1;
			remoteGlobalIDString = 311BF39B25C809580068DFA2;
			remoteInfo = Flix;
		};
		311BF3BE25C809580068DFA2 /* PBXContainerItemProxy */ = {
			isa = PBXContainerItemProxy;
			containerPortal = 311BF39425C809570068DFA2 /* Project object */;
			proxyType = 1;
			remoteGlobalIDString = 311BF39B25C809580068DFA2;
			remoteInfo = Flix;
		};
/* End PBXContainerItemProxy section */

/* Begin PBXFileReference section */
		311BF39C25C809580068DFA2 /* Flix.app */ = {isa = PBXFileReference; explicitFileType = wrapper.application; includeInIndex = 0; path = Flix.app; sourceTree = BUILT_PRODUCTS_DIR; };
		311BF39F25C809580068DFA2 /* AppDelegate.swift */ = {isa = PBXFileReference; lastKnownFileType = sourcecode.swift; path = AppDelegate.swift; sourceTree = "<group>"; };
		311BF3A125C809580068DFA2 /* SceneDelegate.swift */ = {isa = PBXFileReference; lastKnownFileType = sourcecode.swift; path = SceneDelegate.swift; sourceTree = "<group>"; };
		311BF3A325C809580068DFA2 /* ViewController.swift */ = {isa = PBXFileReference; lastKnownFileType = sourcecode.swift; path = ViewController.swift; sourceTree = "<group>"; };
		311BF3A625C809580068DFA2 /* Base */ = {isa = PBXFileReference; lastKnownFileType = file.storyboard; name = Base; path = Base.lproj/Main.storyboard; sourceTree = "<group>"; };
		311BF3A825C809580068DFA2 /* Assets.xcassets */ = {isa = PBXFileReference; lastKnownFileType = folder.assetcatalog; path = Assets.xcassets; sourceTree = "<group>"; };
		311BF3AB25C809580068DFA2 /* Base */ = {isa = PBXFileReference; lastKnownFileType = file.storyboard; name = Base; path = Base.lproj/LaunchScreen.storyboard; sourceTree = "<group>"; };
		311BF3AD25C809580068DFA2 /* Info.plist */ = {isa = PBXFileReference; lastKnownFileType = text.plist.xml; path = Info.plist; sourceTree = "<group>"; };
		311BF3B225C809580068DFA2 /* FlixTests.xctest */ = {isa = PBXFileReference; explicitFileType = wrapper.cfbundle; includeInIndex = 0; path = FlixTests.xctest; sourceTree = BUILT_PRODUCTS_DIR; };
		311BF3B625C809580068DFA2 /* FlixTests.swift */ = {isa = PBXFileReference; lastKnownFileType = sourcecode.swift; path = FlixTests.swift; sourceTree = "<group>"; };
		311BF3B825C809580068DFA2 /* Info.plist */ = {isa = PBXFileReference; lastKnownFileType = text.plist.xml; path = Info.plist; sourceTree = "<group>"; };
		311BF3BD25C809580068DFA2 /* FlixUITests.xctest */ = {isa = PBXFileReference; explicitFileType = wrapper.cfbundle; includeInIndex = 0; path = FlixUITests.xctest; sourceTree = BUILT_PRODUCTS_DIR; };
		311BF3C125C809580068DFA2 /* FlixUITests.swift */ = {isa = PBXFileReference; lastKnownFileType = sourcecode.swift; path = FlixUITests.swift; sourceTree = "<group>"; };
		311BF3C325C809580068DFA2 /* Info.plist */ = {isa = PBXFileReference; lastKnownFileType = text.plist.xml; path = Info.plist; sourceTree = "<group>"; };
/* End PBXFileReference section */

/* Begin PBXFrameworksBuildPhase section */
		311BF39925C809580068DFA2 /* Frameworks */ = {
			isa = PBXFrameworksBuildPhase;
			buildActionMask = 2147483647;
			files = (
			);
			runOnlyForDeploymentPostprocessing = 0;
		};
		311BF3AF25C809580068DFA2 /* Frameworks */ = {
			isa = PBXFrameworksBuildPhase;
			buildActionMask = 2147483647;
			files = (
			);
			runOnlyForDeploymentPostprocessing = 0;
		};
		311BF3BA25C809580068DFA2 /* Frameworks */ = {
			isa = PBXFrameworksBuildPhase;
			buildActionMask = 2147483647;
			files = (
			);
			runOnlyForDeploymentPostprocessing = 0;
		};
/* End PBXFrameworksBuildPhase section */

/* Begin PBXGroup section */
		311BF39325C809570068DFA2 = {
			isa = PBXGroup;
			children = (
				311BF39E25C809580068DFA2 /* Flix */,
				311BF3B525C809580068DFA2 /* FlixTests */,
				311BF3C025C809580068DFA2 /* FlixUITests */,
				311BF39D25C809580068DFA2 /* Products */,
			);
			sourceTree = "<group>";
		};
		311BF39D25C809580068DFA2 /* Products */ = {
			isa = PBXGroup;
			children = (
				311BF39C25C809580068DFA2 /* Flix.app */,
				311BF3B225C809580068DFA2 /* FlixTests.xctest */,
				311BF3BD25C809580068DFA2 /* FlixUITests.xctest */,
			);
			name = Products;
			sourceTree = "<group>";
		};
		311BF39E25C809580068DFA2 /* Flix */ = {
			isa = PBXGroup;
			children = (
				311BF39F25C809580068DFA2 /* AppDelegate.swift */,
				311BF3A125C809580068DFA2 /* SceneDelegate.swift */,
				311BF3A325C809580068DFA2 /* ViewController.swift */,
				311BF3A525C809580068DFA2 /* Main.storyboard */,
				311BF3A825C809580068DFA2 /* Assets.xcassets */,
				311BF3AA25C809580068DFA2 /* LaunchScreen.storyboard */,
				311BF3AD25C809580068DFA2 /* Info.plist */,
			);
			path = Flix;
			sourceTree = "<group>";
		};
		311BF3B525C809580068DFA2 /* FlixTests */ = {
			isa = PBXGroup;
			children = (
				311BF3B625C809580068DFA2 /* FlixTests.swift */,
				311BF3B825C809580068DFA2 /* Info.plist */,
			);
			path = FlixTests;
			sourceTree = "<group>";
		};
		311BF3C025C809580068DFA2 /* FlixUITests */ = {
			isa = PBXGroup;
			children = (
				311BF3C125C809580068DFA2 /* FlixUITests.swift */,
				311BF3C325C809580068DFA2 /* Info.plist */,
			);
			path = FlixUITests;
			sourceTree = "<group>";
		};
/* End PBXGroup section */

/* Begin PBXNativeTarget section */
		311BF39B25C809580068DFA2 /* Flix */ = {
			isa = PBXNativeTarget;
			buildConfigurationList = 311BF3C625C809580068DFA2 /* Build configuration list for PBXNativeTarget "Flix" */;
			buildPhases = (
				311BF39825C809580068DFA2 /* Sources */,
				311BF39925C809580068DFA2 /* Frameworks */,
				311BF39A25C809580068DFA2 /* Resources */,
			);
			buildRules = (
			);
			dependencies = (
			);
			name = Flix;
			productName = Flix;
			productReference = 311BF39C25C809580068DFA2 /* Flix.app */;
			productType = "com.apple.product-type.application";
		};
		311BF3B125C809580068DFA2 /* FlixTests */ = {
			isa = PBXNativeTarget;
			buildConfigurationList = 311BF3C925C809580068DFA2 /* Build configuration list for PBXNativeTarget "FlixTests" */;
			buildPhases = (
				311BF3AE25C809580068DFA2 /* Sources */,
				311BF3AF25C809580068DFA2 /* Frameworks */,
				311BF3B025C809580068DFA2 /* Resources */,
			);
			buildRules = (
			);
			dependencies = (
				311BF3B425C809580068DFA2 /* PBXTargetDependency */,
			);
			name = FlixTests;
			productName = FlixTests;
			productReference = 311BF3B225C809580068DFA2 /* FlixTests.xctest */;
			productType = "com.apple.product-type.bundle.unit-test";
		};
		311BF3BC25C809580068DFA2 /* FlixUITests */ = {
			isa = PBXNativeTarget;
			buildConfigurationList = 311BF3CC25C809580068DFA2 /* Build configuration list for PBXNativeTarget "FlixUITests" */;
			buildPhases = (
				311BF3B925C809580068DFA2 /* Sources */,
				311BF3BA25C809580068DFA2 /* Frameworks */,
				311BF3BB25C809580068DFA2 /* Resources */,
			);
			buildRules = (
			);
			dependencies = (
				311BF3BF25C809580068DFA2 /* PBXTargetDependency */,
			);
			name = FlixUITests;
			productName = FlixUITests;
			productReference = 311BF3BD25C809580068DFA2 /* FlixUITests.xctest */;
			productType = "com.apple.product-type.bundle.ui-testing";
		};
/* End PBXNativeTarget section */

/* Begin PBXProject section */
		311BF39425C809570068DFA2 /* Project object */ = {
			isa = PBXProject;
			attributes = {
				LastSwiftUpdateCheck = 1240;
				LastUpgradeCheck = 1240;
				TargetAttributes = {
					311BF39B25C809580068DFA2 = {
						CreatedOnToolsVersion = 12.4;
					};
					311BF3B125C809580068DFA2 = {
						CreatedOnToolsVersion = 12.4;
						TestTargetID = 311BF39B25C809580068DFA2;
					};
					311BF3BC25C809580068DFA2 = {
						CreatedOnToolsVersion = 12.4;
						TestTargetID = 311BF39B25C809580068DFA2;
					};
				};
			};
			buildConfigurationList = 311BF39725C809570068DFA2 /* Build configuration list for PBXProject "Flix" */;
			compatibilityVersion = "Xcode 9.3";
			developmentRegion = en;
			hasScannedForEncodings = 0;
			knownRegions = (
				en,
				Base,
			);
			mainGroup = 311BF39325C809570068DFA2;
			productRefGroup = 311BF39D25C809580068DFA2 /* Products */;
			projectDirPath = "";
			projectRoot = "";
			targets = (
				311BF39B25C809580068DFA2 /* Flix */,
				311BF3B125C809580068DFA2 /* FlixTests */,
				311BF3BC25C809580068DFA2 /* FlixUITests */,
			);
		};
/* End PBXProject section */

/* Begin PBXResourcesBuildPhase section */
		311BF39A25C809580068DFA2 /* Resources */ = {
			isa = PBXResourcesBuildPhase;
			buildActionMask = 2147483647;
			files = (
				311BF3AC25C809580068DFA2 /* LaunchScreen.storyboard in Resources */,
				311BF3A925C809580068DFA2 /* Assets.xcassets in Resources */,
				311BF3A725C809580068DFA2 /* Main.storyboard in Resources */,
			);
			runOnlyForDeploymentPostprocessing = 0;
		};
		311BF3B025C809580068DFA2 /* Resources */ = {
			isa = PBXResourcesBuildPhase;
			buildActionMask = 2147483647;
			files = (
			);
			runOnlyForDeploymentPostprocessing = 0;
		};
		311BF3BB25C809580068DFA2 /* Resources */ = {
			isa = PBXResourcesBuildPhase;
			buildActionMask = 2147483647;
			files = (
			);
			runOnlyForDeploymentPostprocessing = 0;
		};
/* End PBXResourcesBuildPhase section */

/* Begin PBXSourcesBuildPhase section */
		311BF39825C809580068DFA2 /* Sources */ = {
			isa = PBXSourcesBuildPhase;
			buildActionMask = 2147483647;
			files = (
				311BF3A425C809580068DFA2 /* ViewController.swift in Sources */,
				311BF3A025C809580068DFA2 /* AppDelegate.swift in Sources */,
				311BF3A225C809580068DFA2 /* SceneDelegate.swift in Sources */,
			);
			runOnlyForDeploymentPostprocessing = 0;
		};
		311BF3AE25C809580068DFA2 /* Sources */ = {
			isa = PBXSourcesBuildPhase;
			buildActionMask = 2147483647;
			files = (
				311BF3B725C809580068DFA2 /* FlixTests.swift in Sources */,
			);
			runOnlyForDeploymentPostprocessing = 0;
		};
		311BF3B925C809580068DFA2 /* Sources */ = {
			isa = PBXSourcesBuildPhase;
			buildActionMask = 2147483647;
			files = (
				311BF3C225C809580068DFA2 /* FlixUITests.swift in Sources */,
			);
			runOnlyForDeploymentPostprocessing = 0;
		};
/* End PBXSourcesBuildPhase section */

/* Begin PBXTargetDependency section */
		311BF3B425C809580068DFA2 /* PBXTargetDependency */ = {
			isa = PBXTargetDependency;
			target = 311BF39B25C809580068DFA2 /* Flix */;
			targetProxy = 311BF3B325C809580068DFA2 /* PBXContainerItemProxy */;
		};
		311BF3BF25C809580068DFA2 /* PBXTargetDependency */ = {
			isa = PBXTargetDependency;
			target = 311BF39B25C809580068DFA2 /* Flix */;
			targetProxy = 311BF3BE25C809580068DFA2 /* PBXContainerItemProxy */;
		};
/* End PBXTargetDependency section */

/* Begin PBXVariantGroup section */
		311BF3A525C809580068DFA2 /* Main.storyboard */ = {
			isa = PBXVariantGroup;
			children = (
				311BF3A625C809580068DFA2 /* Base */,
			);
			name = Main.storyboard;
			sourceTree = "<group>";
		};
		311BF3AA25C809580068DFA2 /* LaunchScreen.storyboard */ = {
			isa = PBXVariantGroup;
			children = (
				311BF3AB25C809580068DFA2 /* Base */,
			);
			name = LaunchScreen.storyboard;
			sourceTree = "<group>";
		};
/* End PBXVariantGroup section */

/* Begin XCBuildConfiguration section */
		311BF3C425C809580068DFA2 /* Debug */ = {
			isa = XCBuildConfiguration;
			buildSettings = {
				ALWAYS_SEARCH_USER_PATHS = NO;
				CLANG_ANALYZER_NONNULL = YES;
				CLANG_ANALYZER_NUMBER_OBJECT_CONVERSION = YES_AGGRESSIVE;
				CLANG_CXX_LANGUAGE_STANDARD = "gnu++14";
				CLANG_CXX_LIBRARY = "libc++";
				CLANG_ENABLE_MODULES = YES;
				CLANG_ENABLE_OBJC_ARC = YES;
				CLANG_ENABLE_OBJC_WEAK = YES;
				CLANG_WARN_BLOCK_CAPTURE_AUTORELEASING = YES;
				CLANG_WARN_BOOL_CONVERSION = YES;
				CLANG_WARN_COMMA = YES;
				CLANG_WARN_CONSTANT_CONVERSION = YES;
				CLANG_WARN_DEPRECATED_OBJC_IMPLEMENTATIONS = YES;
				CLANG_WARN_DIRECT_OBJC_ISA_USAGE = YES_ERROR;
				CLANG_WARN_DOCUMENTATION_COMMENTS = YES;
				CLANG_WARN_EMPTY_BODY = YES;
				CLANG_WARN_ENUM_CONVERSION = YES;
				CLANG_WARN_INFINITE_RECURSION = YES;
				CLANG_WARN_INT_CONVERSION = YES;
				CLANG_WARN_NON_LITERAL_NULL_CONVERSION = YES;
				CLANG_WARN_OBJC_IMPLICIT_RETAIN_SELF = YES;
				CLANG_WARN_OBJC_LITERAL_CONVERSION = YES;
				CLANG_WARN_OBJC_ROOT_CLASS = YES_ERROR;
				CLANG_WARN_QUOTED_INCLUDE_IN_FRAMEWORK_HEADER = YES;
				CLANG_WARN_RANGE_LOOP_ANALYSIS = YES;
				CLANG_WARN_STRICT_PROTOTYPES = YES;
				CLANG_WARN_SUSPICIOUS_MOVE = YES;
				CLANG_WARN_UNGUARDED_AVAILABILITY = YES_AGGRESSIVE;
				CLANG_WARN_UNREACHABLE_CODE = YES;
				CLANG_WARN__DUPLICATE_METHOD_MATCH = YES;
				COPY_PHASE_STRIP = NO;
				DEBUG_INFORMATION_FORMAT = dwarf;
				ENABLE_STRICT_OBJC_MSGSEND = YES;
				ENABLE_TESTABILITY = YES;
				GCC_C_LANGUAGE_STANDARD = gnu11;
				GCC_DYNAMIC_NO_PIC = NO;
				GCC_NO_COMMON_BLOCKS = YES;
				GCC_OPTIMIZATION_LEVEL = 0;
				GCC_PREPROCESSOR_DEFINITIONS = (
					"DEBUG=1",
					"$(inherited)",
				);
				GCC_WARN_64_TO_32_BIT_CONVERSION = YES;
				GCC_WARN_ABOUT_RETURN_TYPE = YES_ERROR;
				GCC_WARN_UNDECLARED_SELECTOR = YES;
				GCC_WARN_UNINITIALIZED_AUTOS = YES_AGGRESSIVE;
				GCC_WARN_UNUSED_FUNCTION = YES;
				GCC_WARN_UNUSED_VARIABLE = YES;
				IPHONEOS_DEPLOYMENT_TARGET = 14.4;
				MTL_ENABLE_DEBUG_INFO = INCLUDE_SOURCE;
				MTL_FAST_MATH = YES;
				ONLY_ACTIVE_ARCH = YES;
				SDKROOT = iphoneos;
				SWIFT_ACTIVE_COMPILATION_CONDITIONS = DEBUG;
				SWIFT_OPTIMIZATION_LEVEL = "-Onone";
			};
			name = Debug;
		};
		311BF3C525C809580068DFA2 /* Release */ = {
			isa = XCBuildConfiguration;
			buildSettings = {
				ALWAYS_SEARCH_USER_PATHS = NO;
				CLANG_ANALYZER_NONNULL = YES;
				CLANG_ANALYZER_NUMBER_OBJECT_CONVERSION = YES_AGGRESSIVE;
				CLANG_CXX_LANGUAGE_STANDARD = "gnu++14";
				CLANG_CXX_LIBRARY = "libc++";
				CLANG_ENABLE_MODULES = YES;
				CLANG_ENABLE_OBJC_ARC = YES;
				CLANG_ENABLE_OBJC_WEAK = YES;
				CLANG_WARN_BLOCK_CAPTURE_AUTORELEASING = YES;
				CLANG_WARN_BOOL_CONVERSION = YES;
				CLANG_WARN_COMMA = YES;
				CLANG_WARN_CONSTANT_CONVERSION = YES;
				CLANG_WARN_DEPRECATED_OBJC_IMPLEMENTATIONS = YES;
				CLANG_WARN_DIRECT_OBJC_ISA_USAGE = YES_ERROR;
				CLANG_WARN_DOCUMENTATION_COMMENTS = YES;
				CLANG_WARN_EMPTY_BODY = YES;
				CLANG_WARN_ENUM_CONVERSION = YES;
				CLANG_WARN_INFINITE_RECURSION = YES;
				CLANG_WARN_INT_CONVERSION = YES;
				CLANG_WARN_NON_LITERAL_NULL_CONVERSION = YES;
				CLANG_WARN_OBJC_IMPLICIT_RETAIN_SELF = YES;
				CLANG_WARN_OBJC_LITERAL_CONVERSION = YES;
				CLANG_WARN_OBJC_ROOT_CLASS = YES_ERROR;
				CLANG_WARN_QUOTED_INCLUDE_IN_FRAMEWORK_HEADER = YES;
				CLANG_WARN_RANGE_LOOP_ANALYSIS = YES;
				CLANG_WARN_STRICT_PROTOTYPES = YES;
				CLANG_WARN_SUSPICIOUS_MOVE = YES;
				CLANG_WARN_UNGUARDED_AVAILABILITY = YES_AGGRESSIVE;
				CLANG_WARN_UNREACHABLE_CODE = YES;
				CLANG_WARN__DUPLICATE_METHOD_MATCH = YES;
				COPY_PHASE_STRIP = NO;
				DEBUG_INFORMATION_FORMAT = "dwarf-with-dsym";
				ENABLE_NS_ASSERTIONS = NO;
				ENABLE_STRICT_OBJC_MSGSEND = YES;
				GCC_C_LANGUAGE_STANDARD = gnu11;
				GCC_NO_COMMON_BLOCKS = YES;
				GCC_WARN_64_TO_32_BIT_CONVERSION = YES;
				GCC_WARN_ABOUT_RETURN_TYPE = YES_ERROR;
				GCC_WARN_UNDECLARED_SELECTOR = YES;
				GCC_WARN_UNINITIALIZED_AUTOS = YES_AGGRESSIVE;
				GCC_WARN_UNUSED_FUNCTION = YES;
				GCC_WARN_UNUSED_VARIABLE = YES;
				IPHONEOS_DEPLOYMENT_TARGET = 14.4;
				MTL_ENABLE_DEBUG_INFO = NO;
				MTL_FAST_MATH = YES;
				SDKROOT = iphoneos;
				SWIFT_COMPILATION_MODE = wholemodule;
				SWIFT_OPTIMIZATION_LEVEL = "-O";
				VALIDATE_PRODUCT = YES;
			};
			name = Release;
		};
		311BF3C725C809580068DFA2 /* Debug */ = {
			isa = XCBuildConfiguration;
			buildSettings = {
				ASSETCATALOG_COMPILER_APPICON_NAME = AppIcon;
				ASSETCATALOG_COMPILER_GLOBAL_ACCENT_COLOR_NAME = AccentColor;
				CODE_SIGN_STYLE = Automatic;
				INFOPLIST_FILE = Flix/Info.plist;
				LD_RUNPATH_SEARCH_PATHS = (
					"$(inherited)",
					"@executable_path/Frameworks",
				);
				PRODUCT_BUNDLE_IDENTIFIER = jonathanBallona.Flix;
				PRODUCT_NAME = "$(TARGET_NAME)";
				SWIFT_VERSION = 5.0;
				TARGETED_DEVICE_FAMILY = "1,2";
			};
			name = Debug;
		};
		311BF3C825C809580068DFA2 /* Release */ = {
			isa = XCBuildConfiguration;
			buildSettings = {
				ASSETCATALOG_COMPILER_APPICON_NAME = AppIcon;
				ASSETCATALOG_COMPILER_GLOBAL_ACCENT_COLOR_NAME = AccentColor;
				CODE_SIGN_STYLE = Automatic;
				INFOPLIST_FILE = Flix/Info.plist;
				LD_RUNPATH_SEARCH_PATHS = (
					"$(inherited)",
					"@executable_path/Frameworks",
				);
				PRODUCT_BUNDLE_IDENTIFIER = jonathanBallona.Flix;
				PRODUCT_NAME = "$(TARGET_NAME)";
				SWIFT_VERSION = 5.0;
				TARGETED_DEVICE_FAMILY = "1,2";
			};
			name = Release;
		};
		311BF3CA25C809580068DFA2 /* Debug */ = {
			isa = XCBuildConfiguration;
			buildSettings = {
				ALWAYS_EMBED_SWIFT_STANDARD_LIBRARIES = YES;
				BUNDLE_LOADER = "$(TEST_HOST)";
				CODE_SIGN_STYLE = Automatic;
				INFOPLIST_FILE = FlixTests/Info.plist;
				IPHONEOS_DEPLOYMENT_TARGET = 14.4;
				LD_RUNPATH_SEARCH_PATHS = (
					"$(inherited)",
					"@executable_path/Frameworks",
					"@loader_path/Frameworks",
				);
				PRODUCT_BUNDLE_IDENTIFIER = jonathanBallona.FlixTests;
				PRODUCT_NAME = "$(TARGET_NAME)";
				SWIFT_VERSION = 5.0;
				TARGETED_DEVICE_FAMILY = "1,2";
				TEST_HOST = "$(BUILT_PRODUCTS_DIR)/Flix.app/Flix";
			};
			name = Debug;
		};
		311BF3CB25C809580068DFA2 /* Release */ = {
			isa = XCBuildConfiguration;
			buildSettings = {
				ALWAYS_EMBED_SWIFT_STANDARD_LIBRARIES = YES;
				BUNDLE_LOADER = "$(TEST_HOST)";
				CODE_SIGN_STYLE = Automatic;
				INFOPLIST_FILE = FlixTests/Info.plist;
				IPHONEOS_DEPLOYMENT_TARGET = 14.4;
				LD_RUNPATH_SEARCH_PATHS = (
					"$(inherited)",
					"@executable_path/Frameworks",
					"@loader_path/Frameworks",
				);
				PRODUCT_BUNDLE_IDENTIFIER = jonathanBallona.FlixTests;
				PRODUCT_NAME = "$(TARGET_NAME)";
				SWIFT_VERSION = 5.0;
				TARGETED_DEVICE_FAMILY = "1,2";
				TEST_HOST = "$(BUILT_PRODUCTS_DIR)/Flix.app/Flix";
			};
			name = Release;
		};
		311BF3CD25C809580068DFA2 /* Debug */ = {
			isa = XCBuildConfiguration;
			buildSettings = {
				ALWAYS_EMBED_SWIFT_STANDARD_LIBRARIES = YES;
				CODE_SIGN_STYLE = Automatic;
				INFOPLIST_FILE = FlixUITests/Info.plist;
				LD_RUNPATH_SEARCH_PATHS = (
					"$(inherited)",
					"@executable_path/Frameworks",
					"@loader_path/Frameworks",
				);
				PRODUCT_BUNDLE_IDENTIFIER = jonathanBallona.FlixUITests;
				PRODUCT_NAME = "$(TARGET_NAME)";
				SWIFT_VERSION = 5.0;
				TARGETED_DEVICE_FAMILY = "1,2";
				TEST_TARGET_NAME = Flix;
			};
			name = Debug;
		};
		311BF3CE25C809580068DFA2 /* Release */ = {
			isa = XCBuildConfiguration;
			buildSettings = {
				ALWAYS_EMBED_SWIFT_STANDARD_LIBRARIES = YES;
				CODE_SIGN_STYLE = Automatic;
				INFOPLIST_FILE = FlixUITests/Info.plist;
				LD_RUNPATH_SEARCH_PATHS = (
					"$(inherited)",
					"@executable_path/Frameworks",
					"@loader_path/Frameworks",
				);
				PRODUCT_BUNDLE_IDENTIFIER = jonathanBallona.FlixUITests;
				PRODUCT_NAME = "$(TARGET_NAME)";
				SWIFT_VERSION = 5.0;
				TARGETED_DEVICE_FAMILY = "1,2";
				TEST_TARGET_NAME = Flix;
			};
			name = Release;
		};
/* End XCBuildConfiguration section */

/* Begin XCConfigurationList section */
		311BF39725C809570068DFA2 /* Build configuration list for PBXProject "Flix" */ = {
			isa = XCConfigurationList;
			buildConfigurations = (
				311BF3C425C809580068DFA2 /* Debug */,
				311BF3C525C809580068DFA2 /* Release */,
			);
			defaultConfigurationIsVisible = 0;
			defaultConfigurationName = Release;
		};
		311BF3C625C809580068DFA2 /* Build configuration list for PBXNativeTarget "Flix" */ = {
			isa = XCConfigurationList;
			buildConfigurations = (
				311BF3C725C809580068DFA2 /* Debug */,
				311BF3C825C809580068DFA2 /* Release */,
			);
			defaultConfigurationIsVisible = 0;
			defaultConfigurationName = Release;
		};
		311BF3C925C809580068DFA2 /* Build configuration list for PBXNativeTarget "FlixTests" */ = {
			isa = XCConfigurationList;
			buildConfigurations = (
				311BF3CA25C809580068DFA2 /* Debug */,
				311BF3CB25C809580068DFA2 /* Release */,
			);
			defaultConfigurationIsVisible = 0;
			defaultConfigurationName = Release;
		};
		311BF3CC25C809580068DFA2 /* Build configuration list for PBXNativeTarget "FlixUITests" */ = {
			isa = XCConfigurationList;
			buildConfigurations = (
				311BF3CD25C809580068DFA2 /* Debug */,
				311BF3CE25C809580068DFA2 /* Release */,
			);
			defaultConfigurationIsVisible = 0;
			defaultConfigurationName = Release;
		};
/* End XCConfigurationList section */
	};
	rootObject = 311BF39425C809570068DFA2 /* Project object */;
}
